
Microsoft Visual Studio Solution File, Format Version 11.00
# Visual Studio 2010
Project("{FAE04EC0-301F-11D3-BF4B-00C04F79EFBC}") = "BoardCutter", "BoardCutter\BoardCutter.csproj", "{FADA8B13-479A-4644-BF24-E96A943B1740}"
EndProject
Global
	GlobalSection(SolutionConfigurationPlatforms) = preSolution
		Debug|x86 = Debug|x86
		Release|x86 = Release|x86
	EndGlobalSection
	GlobalSection(ProjectConfigurationPlatforms) = postSolution
		{FADA8B13-479A-4644-BF24-E96A943B1740}.Debug|x86.ActiveCfg = Debug|x86
		{FADA8B13-479A-4644-BF24-E96A943B1740}.Debug|x86.Build.0 = Debug|x86
		{FADA8B13-479A-4644-BF24-E96A943B1740}.Release|x86.ActiveCfg = Release|x86
		{FADA8B13-479A-4644-BF24-E96A943B1740}.Release|x86.Build.0 = Release|x86
	EndGlobalSection
	GlobalSection(SolutionProperties) = preSolution
		HideSolutionNode = FALSE
	EndGlobalSection
EndGlobal
